
Microsoft Visual Studio Solution File, Format Version 12.00
# Visual Studio Version 16
VisualStudioVersion = 16.0.29009.5
MinimumVisualStudioVersion = 10.0.40219.1
Project("{FAE04EC0-301F-11D3-BF4B-00C04F79EFBC}") = "S00189902 CA1", "S00189902 CA1\S00189902 CA1.csproj", "{FBD5500D-A45F-4C4F-8407-76F209DF3D99}"
EndProject
Global
	GlobalSection(SolutionConfigurationPlatforms) = preSolution
		Debug|Any CPU = Debug|Any CPU
		Release|Any CPU = Release|Any CPU
	EndGlobalSection
	GlobalSection(ProjectConfigurationPlatforms) = postSolution
		{FBD5500D-A45F-4C4F-8407-76F209DF3D99}.Debug|Any CPU.ActiveCfg = Debug|Any CPU
		{FBD5500D-A45F-4C4F-8407-76F209DF3D99}.Debug|Any CPU.Build.0 = Debug|Any CPU
		{FBD5500D-A45F-4C4F-8407-76F209DF3D99}.Release|Any CPU.ActiveCfg = Release|Any CPU
		{FBD5500D-A45F-4C4F-8407-76F209DF3D99}.Release|Any CPU.Build.0 = Release|Any CPU
	EndGlobalSection
	GlobalSection(SolutionProperties) = preSolution
		HideSolutionNode = FALSE
	EndGlobalSection
	GlobalSection(ExtensibilityGlobals) = postSolution
		SolutionGuid = {D023D127-EFF9-422F-9A84-328EAD76387C}
	EndGlobalSection
EndGlobal
